
Microsoft Visual Studio Solution File, Format Version 12.00
# Visual Studio Version 17
VisualStudioVersion = 17.10.35004.147
MinimumVisualStudioVersion = 10.0.40219.1
Project("{9A19103F-16F7-4668-BE54-9A1E7A4F7556}") = "ReactiveDAG.Core", "isds\ReactiveDAG.Core.csproj", "{2D128388-A240-4F4D-9B0E-CE000EEECFF1}"
EndProject
Project("{9A19103F-16F7-4668-BE54-9A1E7A4F7556}") = "ReactiveDAG.tests", "isds.tests\ReactiveDAG.tests.csproj", "{73473324-CC5B-4620-9431-5ACC8CA2DE21}"
EndProject
Global
	GlobalSection(SolutionConfigurationPlatforms) = preSolution
		Debug|Any CPU = Debug|Any CPU
		Release|Any CPU = Release|Any CPU
	EndGlobalSection
	GlobalSection(ProjectConfigurationPlatforms) = postSolution
		{2D128388-A240-4F4D-9B0E-CE000EEECFF1}.Debug|Any CPU.ActiveCfg = Debug|Any CPU
		{2D128388-A240-4F4D-9B0E-CE000EEECFF1}.Debug|Any CPU.Build.0 = Debug|Any CPU
		{2D128388-A240-4F4D-9B0E-CE000EEECFF1}.Release|Any CPU.ActiveCfg = Release|Any CPU
		{2D128388-A240-4F4D-9B0E-CE000EEECFF1}.Release|Any CPU.Build.0 = Release|Any CPU
		{73473324-CC5B-4620-9431-5ACC8CA2DE21}.Debug|Any CPU.ActiveCfg = Debug|Any CPU
		{73473324-CC5B-4620-9431-5ACC8CA2DE21}.Debug|Any CPU.Build.0 = Debug|Any CPU
		{73473324-CC5B-4620-9431-5ACC8CA2DE21}.Release|Any CPU.ActiveCfg = Release|Any CPU
		{73473324-CC5B-4620-9431-5ACC8CA2DE21}.Release|Any CPU.Build.0 = Release|Any CPU
	EndGlobalSection
	GlobalSection(SolutionProperties) = preSolution
		HideSolutionNode = FALSE
	EndGlobalSection
	GlobalSection(ExtensibilityGlobals) = postSolution
		SolutionGuid = {8B000682-7BCB-4563-9680-4B4B89E73784}
	EndGlobalSection
EndGlobal
